
Microsoft Visual Studio Solution File, Format Version 12.00
# Visual Studio 14
VisualStudioVersion = 14.0.25420.1
MinimumVisualStudioVersion = 10.0.40219.1
Project("{FAE04EC0-301F-11D3-BF4B-00C04F79EFBC}") = "Ex03.ConsoleUI", "Ex03.ConsoleUI.csproj", "{6D47808F-B75D-494D-98E0-2AFFA4C74242}"
EndProject
Project("{FAE04EC0-301F-11D3-BF4B-00C04F79EFBC}") = "Ex03.GarageLogic", "..\Ex03.GarageLogic\Ex03.GarageLogic.csproj", "{58B823F0-B58F-46AB-B26E-54356A04A585}"
EndProject
Global
	GlobalSection(SolutionConfigurationPlatforms) = preSolution
		Debug|Any CPU = Debug|Any CPU
		Release|Any CPU = Release|Any CPU
	EndGlobalSection
	GlobalSection(ProjectConfigurationPlatforms) = postSolution
		{6D47808F-B75D-494D-98E0-2AFFA4C74242}.Debug|Any CPU.ActiveCfg = Debug|Any CPU
		{6D47808F-B75D-494D-98E0-2AFFA4C74242}.Debug|Any CPU.Build.0 = Debug|Any CPU
		{6D47808F-B75D-494D-98E0-2AFFA4C74242}.Release|Any CPU.ActiveCfg = Release|Any CPU
		{6D47808F-B75D-494D-98E0-2AFFA4C74242}.Release|Any CPU.Build.0 = Release|Any CPU
		{58B823F0-B58F-46AB-B26E-54356A04A585}.Debug|Any CPU.ActiveCfg = Debug|Any CPU
		{58B823F0-B58F-46AB-B26E-54356A04A585}.Debug|Any CPU.Build.0 = Debug|Any CPU
		{58B823F0-B58F-46AB-B26E-54356A04A585}.Release|Any CPU.ActiveCfg = Release|Any CPU
		{58B823F0-B58F-46AB-B26E-54356A04A585}.Release|Any CPU.Build.0 = Release|Any CPU
	EndGlobalSection
	GlobalSection(SolutionProperties) = preSolution
		HideSolutionNode = FALSE
	EndGlobalSection
EndGlobal
